
Microsoft Visual Studio Solution File, Format Version 12.00
# Visual Studio Version 17
VisualStudioVersion = 17.6.33712.159
MinimumVisualStudioVersion = 10.0.40219.1
Project("{FAE04EC0-301F-11D3-BF4B-00C04F79EFBC}") = "NewsPage", "NewsPage.csproj", "{BCC93DFC-E851-4703-8467-5E5FF2F78EE4}"
EndProject
Global
	GlobalSection(SolutionConfigurationPlatforms) = preSolution
		Debug|Any CPU = Debug|Any CPU
		Release|Any CPU = Release|Any CPU
	EndGlobalSection
	GlobalSection(ProjectConfigurationPlatforms) = postSolution
		{BCC93DFC-E851-4703-8467-5E5FF2F78EE4}.Debug|Any CPU.ActiveCfg = Debug|Any CPU
		{BCC93DFC-E851-4703-8467-5E5FF2F78EE4}.Debug|Any CPU.Build.0 = Debug|Any CPU
		{BCC93DFC-E851-4703-8467-5E5FF2F78EE4}.Release|Any CPU.ActiveCfg = Release|Any CPU
		{BCC93DFC-E851-4703-8467-5E5FF2F78EE4}.Release|Any CPU.Build.0 = Release|Any CPU
	EndGlobalSection
	GlobalSection(SolutionProperties) = preSolution
		HideSolutionNode = FALSE
	EndGlobalSection
	GlobalSection(ExtensibilityGlobals) = postSolution
		SolutionGuid = {055A4E63-5475-4DD9-956C-2A00DA566E09}
	EndGlobalSection
EndGlobal
